# This file is automatically @generated by Cargo.
# It is not intended for manual editing.
[[package]]
name = "mime"
version = "0.3.16"
source = "registry+https://github.com/rust-lang/crates.io-index"
checksum = "2a60c7ce501c71e03a9c9c0d35b861413ae925bd979cc7a4e30d060069aaac8d"

[[package]]
name = "mime_types"
version = "0.1.0"
dependencies = [
 "mime",
]
