# This file is automatically @generated by Cargo.
# It is not intended for manual editing.
[[package]]
name = "config_files"
version = "0.1.0"
dependencies = [
 "confy",
]

[[package]]
name = "confy"
version = "0.3.1"
source = "registry+https://github.com/rust-lang/crates.io-index"
checksum = "4b1400cd0dae7f27d2c7ced9492e1398d2e2df614570092a4936c73b416dedea"
dependencies = [
 "directories",
 "serde",
 "toml",
]

[[package]]
name = "directories"
version = "0.10.0"
source = "registry+https://github.com/rust-lang/crates.io-index"
checksum = "fc2561db021b6f1321d0f16b67ed28ce843ef4610dfaa432e3ffa2e8a3050ebf"
dependencies = [
 "winapi",
]

[[package]]
name = "serde"
version = "1.0.126"
source = "registry+https://github.com/rust-lang/crates.io-index"
checksum = "ec7505abeacaec74ae4778d9d9328fe5a5d04253220a85c4ee022239fc996d03"

[[package]]
name = "toml"
version = "0.4.10"
source = "registry+https://github.com/rust-lang/crates.io-index"
checksum = "758664fc71a3a69038656bee8b6be6477d2a6c315a6b81f7081f591bffa4111f"
dependencies = [
 "serde",
]

[[package]]
name = "winapi"
version = "0.3.9"
source = "registry+https://github.com/rust-lang/crates.io-index"
checksum = "5c839a674fcd7a98952e593242ea400abe93992746761e38641405d28b00f419"
dependencies = [
 "winapi-i686-pc-windows-gnu",
 "winapi-x86_64-pc-windows-gnu",
]

[[package]]
name = "winapi-i686-pc-windows-gnu"
version = "0.4.0"
source = "registry+https://github.com/rust-lang/crates.io-index"
checksum = "ac3b87c63620426dd9b991e5ce0329eff545bccbbb34f3be09ff6fb6ab51b7b6"

[[package]]
name = "winapi-x86_64-pc-windows-gnu"
version = "0.4.0"
source = "registry+https://github.com/rust-lang/crates.io-index"
checksum = "712e227841d057c1ee1cd2fb22fa7e5a5461ae8e48fa2ca79ec42cfc1931183f"
